{
  "name": "alab",
  "version": "1.0.0",
  "lockfileVersion": 3,
  "requires": true,
  "packages": {
    "": {
      "name": "alab",
      "version": "1.0.0",
      "license": "ISC",
      "dependencies": {
        "csvparser": "^0.1.4"
      }
    },
    "node_modules/csvparser": {
      "version": "0.1.4",
      "resolved": "https://registry.npmjs.org/csvparser/-/csvparser-0.1.4.tgz",
      "integrity": "sha512-9d9jcSuEnkUqAUQ2wpd7QvbUXepMKrTSIvXaw6kfzweqgPWim1UPNztDqK2YY3X5R+CBlUF5OGdmHlDA9GGq+w=="
    }
  }
}
